
Microsoft Visual Studio Solution File, Format Version 12.00
Project("{FAE04EC0-301F-11D3-BF4B-00C04F79EFBC}") = "Encryption", "Encryption\Encryption.csproj", "{11C43521-9DDC-49BB-9325-874447514CB4}"
EndProject
Global
	GlobalSection(SolutionConfigurationPlatforms) = preSolution
		Debug|Any CPU = Debug|Any CPU
		Release|Any CPU = Release|Any CPU
	EndGlobalSection
	GlobalSection(ProjectConfigurationPlatforms) = postSolution
		{11C43521-9DDC-49BB-9325-874447514CB4}.Debug|Any CPU.ActiveCfg = Debug|Any CPU
		{11C43521-9DDC-49BB-9325-874447514CB4}.Debug|Any CPU.Build.0 = Debug|Any CPU
		{11C43521-9DDC-49BB-9325-874447514CB4}.Release|Any CPU.ActiveCfg = Release|Any CPU
		{11C43521-9DDC-49BB-9325-874447514CB4}.Release|Any CPU.Build.0 = Release|Any CPU
	EndGlobalSection
EndGlobal
